dependencies:
- name: kube-prometheus-stack
  repository: https://prometheus-community.github.io/helm-charts
  version: 83.7.0
- name: loki
  repository: https://grafana.github.io/helm-charts
  version: 6.55.0
- name: promtail
  repository: https://grafana.github.io/helm-charts
  version: 6.17.1
digest: sha256:99a4e58136b9303f8131dafb338f759b50139d68705ef830798c53506a2afebd
generated: "2026-04-28T22:38:45.584238331Z"
